{
  "name": "aeroteam",
  "version": "1.0.0",
  "lockfileVersion": 2,
  "requires": true,
  "packages": {
    "": {
      "name": "aeroteam",
      "version": "1.0.0",
      "license": "ISC",
      "dependencies": {
        "bootstrap5": "^1.1.9",
        "jquery": "^3.6.0"
      }
    },
    "node_modules/bootstrap5": {
      "version": "1.1.9",
      "resolved": "https://registry.npmjs.org/bootstrap5/-/bootstrap5-1.1.9.tgz",
      "integrity": "sha512-XZSujP1vsslV7iUgPHRLobe+rL7pYUvZaK2Erk0r45m00cQZz/No3Ua7cenlCFLN+gOMEWYU+ipa8Ktzz79oVA=="
    },
    "node_modules/jquery": {
      "version": "3.6.0",
      "resolved": "https://registry.npmjs.org/jquery/-/jquery-3.6.0.tgz",
      "integrity": "sha512-JVzAR/AjBvVt2BmYhxRCSYysDsPcssdmTFnzyLEts9qNwmjmu4JTAMYubEfwVOSwpQ1I1sKKFcxhZCI2buerfw=="
    }
  },
  "dependencies": {
    "bootstrap5": {
      "version": "1.1.9",
      "resolved": "https://registry.npmjs.org/bootstrap5/-/bootstrap5-1.1.9.tgz",
      "integrity": "sha512-XZSujP1vsslV7iUgPHRLobe+rL7pYUvZaK2Erk0r45m00cQZz/No3Ua7cenlCFLN+gOMEWYU+ipa8Ktzz79oVA=="
    },
    "jquery": {
      "version": "3.6.0",
      "resolved": "https://registry.npmjs.org/jquery/-/jquery-3.6.0.tgz",
      "integrity": "sha512-JVzAR/AjBvVt2BmYhxRCSYysDsPcssdmTFnzyLEts9qNwmjmu4JTAMYubEfwVOSwpQ1I1sKKFcxhZCI2buerfw=="
    }
  }
}
